// !$*UTF8*$!
{
	archiveVersion = 1;
	classes = {
	};
	objectVersion = 55;
	objects = {

/* Begin PBXBuildFile section */
		D396EBA02845D29000B34E4E /* AppDelegate.swift in Sources */ = {isa = PBXBuildFile; fileRef = D396EB9F2845D29000B34E4E /* AppDelegate.swift */; };
		D396EBA22845D29000B34E4E /* ContentView.swift in Sources */ = {isa = PBXBuildFile; fileRef = D396EBA12845D29000B34E4E /* ContentView.swift */; };
		D396EBA42845D29000B34E4E /* Experience.rcproject in Sources */ = {isa = PBXBuildFile; fileRef = D396EBA32845D29000B34E4E /* Experience.rcproject */; };
		D396EBA62845D29100B34E4E /* Assets.xcassets in Resources */ = {isa = PBXBuildFile; fileRef = D396EBA52845D29100B34E4E /* Assets.xcassets */; };
		D396EBA92845D29100B34E4E /* Preview Assets.xcassets in Resources */ = {isa = PBXBuildFile; fileRef = D396EBA82845D29100B34E4E /* Preview Assets.xcassets */; };
		D396EBB32845D29200B34E4E /* ARknightsTests.swift in Sources */ = {isa = PBXBuildFile; fileRef = D396EBB22845D29200B34E4E /* ARknightsTests.swift */; };
		D396EBBD2845D29200B34E4E /* ARknightsUITests.swift in Sources */ = {isa = PBXBuildFile; fileRef = D396EBBC2845D29200B34E4E /* ARknightsUITests.swift */; };
		D396EBBF2845D29200B34E4E /* ARknightsUITestsLaunchTests.swift in Sources */ = {isa = PBXBuildFile; fileRef = D396EBBE2845D29200B34E4E /* ARknightsUITestsLaunchTests.swift */; };
/* End PBXBuildFile section */

/* Begin PBXContainerItemProxy section */
		D396EBAF2845D29200B34E4E /* PBXContainerItemProxy */ = {
			isa = PBXContainerItemProxy;
			containerPortal = D396EB942845D29000B34E4E /* Project object */;
			proxyType = 1;
			remoteGlobalIDString = D396EB9B2845D29000B34E4E;
			remoteInfo = ARknights;
		};
		D396EBB92845D29200B34E4E /* PBXContainerItemProxy */ = {
			isa = PBXContainerItemProxy;
			containerPortal = D396EB942845D29000B34E4E /* Project object */;
			proxyType = 1;
			remoteGlobalIDString = D396EB9B2845D29000B34E4E;
			remoteInfo = ARknights;
		};
/* End PBXContainerItemProxy section */

/* Begin PBXFileReference section */
		D396EB9C2845D29000B34E4E /* ARknights.app */ = {isa = PBXFileReference; explicitFileType = wrapper.application; includeInIndex = 0; path = ARknights.app; sourceTree = BUILT_PRODUCTS_DIR; };
		D396EB9F2845D29000B34E4E /* AppDelegate.swift */ = {isa = PBXFileReference; lastKnownFileType = sourcecode.swift; path = AppDelegate.swift; sourceTree = "<group>"; };
		D396EBA12845D29000B34E4E /* ContentView.swift */ = {isa = PBXFileReference; lastKnownFileType = sourcecode.swift; path = ContentView.swift; sourceTree = "<group>"; };
		D396EBA32845D29000B34E4E /* Experience.rcproject */ = {isa = PBXFileReference; lastKnownFileType = file.rcproject; path = Experience.rcproject; sourceTree = "<group>"; };
		D396EBA52845D29100B34E4E /* Assets.xcassets */ = {isa = PBXFileReference; lastKnownFileType = folder.assetcatalog; path = Assets.xcassets; sourceTree = "<group>"; };
		D396EBA82845D29100B34E4E /* Preview Assets.xcassets */ = {isa = PBXFileReference; lastKnownFileType = folder.assetcatalog; path = "Preview Assets.xcassets"; sourceTree = "<group>"; };
		D396EBAE2845D29200B34E4E /* ARknightsTests.xctest */ = {isa = PBXFileReference; explicitFileType = wrapper.cfbundle; includeInIndex = 0; path = ARknightsTests.xctest; sourceTree = BUILT_PRODUCTS_DIR; };
		D396EBB22845D29200B34E4E /* ARknightsTests.swift */ = {isa = PBXFileReference; lastKnownFileType = sourcecode.swift; path = ARknightsTests.swift; sourceTree = "<group>"; };
		D396EBB82845D29200B34E4E /* ARknightsUITests.xctest */ = {isa = PBXFileReference; explicitFileType = wrapper.cfbundle; includeInIndex = 0; path = ARknightsUITests.xctest; sourceTree = BUILT_PRODUCTS_DIR; };
		D396EBBC2845D29200B34E4E /* ARknightsUITests.swift */ = {isa = PBXFileReference; lastKnownFileType = sourcecode.swift; path = ARknightsUITests.swift; sourceTree = "<group>"; };
		D396EBBE2845D29200B34E4E /* ARknightsUITestsLaunchTests.swift */ = {isa = PBXFileReference; lastKnownFileType = sourcecode.swift; path = ARknightsUITestsLaunchTests.swift; sourceTree = "<group>"; };
/* End PBXFileReference section */

/* Begin PBXFrameworksBuildPhase section */
		D396EB992845D29000B34E4E /* Frameworks */ = {
			isa = PBXFrameworksBuildPhase;
			buildActionMask = 2147483647;
			files = (
			);
			runOnlyForDeploymentPostprocessing = 0;
		};
		D396EBAB2845D29200B34E4E /* Frameworks */ = {
			isa = PBXFrameworksBuildPhase;
			buildActionMask = 2147483647;
			files = (
			);
			runOnlyForDeploymentPostprocessing = 0;
		};
		D396EBB52845D29200B34E4E /* Frameworks */ = {
			isa = PBXFrameworksBuildPhase;
			buildActionMask = 2147483647;
			files = (
			);
			runOnlyForDeploymentPostprocessing = 0;
		};
/* End PBXFrameworksBuildPhase section */

/* Begin PBXGroup section */
		D396EB932845D29000B34E4E = {
			isa = PBXGroup;
			children = (
				D396EB9E2845D29000B34E4E /* ARknights */,
				D396EBB12845D29200B34E4E /* ARknightsTests */,
				D396EBBB2845D29200B34E4E /* ARknightsUITests */,
				D396EB9D2845D29000B34E4E /* Products */,
			);
			sourceTree = "<group>";
		};
		D396EB9D2845D29000B34E4E /* Products */ = {
			isa = PBXGroup;
			children = (
				D396EB9C2845D29000B34E4E /* ARknights.app */,
				D396EBAE2845D29200B34E4E /* ARknightsTests.xctest */,
				D396EBB82845D29200B34E4E /* ARknightsUITests.xctest */,
			);
			name = Products;
			sourceTree = "<group>";
		};
		D396EB9E2845D29000B34E4E /* ARknights */ = {
			isa = PBXGroup;
			children = (
				D396EB9F2845D29000B34E4E /* AppDelegate.swift */,
				D396EBA12845D29000B34E4E /* ContentView.swift */,
				D396EBA32845D29000B34E4E /* Experience.rcproject */,
				D396EBA52845D29100B34E4E /* Assets.xcassets */,
				D396EBA72845D29100B34E4E /* Preview Content */,
			);
			path = ARknights;
			sourceTree = "<group>";
		};
		D396EBA72845D29100B34E4E /* Preview Content */ = {
			isa = PBXGroup;
			children = (
				D396EBA82845D29100B34E4E /* Preview Assets.xcassets */,
			);
			path = "Preview Content";
			sourceTree = "<group>";
		};
		D396EBB12845D29200B34E4E /* ARknightsTests */ = {
			isa = PBXGroup;
			children = (
				D396EBB22845D29200B34E4E /* ARknightsTests.swift */,
			);
			path = ARknightsTests;
			sourceTree = "<group>";
		};
		D396EBBB2845D29200B34E4E /* ARknightsUITests */ = {
			isa = PBXGroup;
			children = (
				D396EBBC2845D29200B34E4E /* ARknightsUITests.swift */,
				D396EBBE2845D29200B34E4E /* ARknightsUITestsLaunchTests.swift */,
			);
			path = ARknightsUITests;
			sourceTree = "<group>";
		};
/* End PBXGroup section */

/* Begin PBXNativeTarget section */
		D396EB9B2845D29000B34E4E /* ARknights */ = {
			isa = PBXNativeTarget;
			buildConfigurationList = D396EBC22845D29200B34E4E /* Build configuration list for PBXNativeTarget "ARknights" */;
			buildPhases = (
				D396EB982845D29000B34E4E /* Sources */,
				D396EB992845D29000B34E4E /* Frameworks */,
				D396EB9A2845D29000B34E4E /* Resources */,
			);
			buildRules = (
			);
			dependencies = (
			);
			name = ARknights;
			productName = ARknights;
			productReference = D396EB9C2845D29000B34E4E /* ARknights.app */;
			productType = "com.apple.product-type.application";
		};
		D396EBAD2845D29200B34E4E /* ARknightsTests */ = {
			isa = PBXNativeTarget;
			buildConfigurationList = D396EBC52845D29200B34E4E /* Build configuration list for PBXNativeTarget "ARknightsTests" */;
			buildPhases = (
				D396EBAA2845D29200B34E4E /* Sources */,
				D396EBAB2845D29200B34E4E /* Frameworks */,
				D396EBAC2845D29200B34E4E /* Resources */,
			);
			buildRules = (
			);
			dependencies = (
				D396EBB02845D29200B34E4E /* PBXTargetDependency */,
			);
			name = ARknightsTests;
			productName = ARknightsTests;
			productReference = D396EBAE2845D29200B34E4E /* ARknightsTests.xctest */;
			productType = "com.apple.product-type.bundle.unit-test";
		};
		D396EBB72845D29200B34E4E /* ARknightsUITests */ = {
			isa = PBXNativeTarget;
			buildConfigurationList = D396EBC82845D29200B34E4E /* Build configuration list for PBXNativeTarget "ARknightsUITests" */;
			buildPhases = (
				D396EBB42845D29200B34E4E /* Sources */,
				D396EBB52845D29200B34E4E /* Frameworks */,
				D396EBB62845D29200B34E4E /* Resources */,
			);
			buildRules = (
			);
			dependencies = (
				D396EBBA2845D29200B34E4E /* PBXTargetDependency */,
			);
			name = ARknightsUITests;
			productName = ARknightsUITests;
			productReference = D396EBB82845D29200B34E4E /* ARknightsUITests.xctest */;
			productType = "com.apple.product-type.bundle.ui-testing";
		};
/* End PBXNativeTarget section */

/* Begin PBXProject section */
		D396EB942845D29000B34E4E /* Project object */ = {
			isa = PBXProject;
			attributes = {
				BuildIndependentTargetsInParallel = 1;
				LastSwiftUpdateCheck = 1340;
				LastUpgradeCheck = 1340;
				TargetAttributes = {
					D396EB9B2845D29000B34E4E = {
						CreatedOnToolsVersion = 13.4;
					};
					D396EBAD2845D29200B34E4E = {
						CreatedOnToolsVersion = 13.4;
						TestTargetID = D396EB9B2845D29000B34E4E;
					};
					D396EBB72845D29200B34E4E = {
						CreatedOnToolsVersion = 13.4;
						TestTargetID = D396EB9B2845D29000B34E4E;
					};
				};
			};
			buildConfigurationList = D396EB972845D29000B34E4E /* Build configuration list for PBXProject "ARknights" */;
			compatibilityVersion = "Xcode 13.0";
			developmentRegion = en;
			hasScannedForEncodings = 0;
			knownRegions = (
				en,
				Base,
			);
			mainGroup = D396EB932845D29000B34E4E;
			productRefGroup = D396EB9D2845D29000B34E4E /* Products */;
			projectDirPath = "";
			projectRoot = "";
			targets = (
				D396EB9B2845D29000B34E4E /* ARknights */,
				D396EBAD2845D29200B34E4E /* ARknightsTests */,
				D396EBB72845D29200B34E4E /* ARknightsUITests */,
			);
		};
/* End PBXProject section */

/* Begin PBXResourcesBuildPhase section */
		D396EB9A2845D29000B34E4E /* Resources */ = {
			isa = PBXResourcesBuildPhase;
			buildActionMask = 2147483647;
			files = (
				D396EBA92845D29100B34E4E /* Preview Assets.xcassets in Resources */,
				D396EBA62845D29100B34E4E /* Assets.xcassets in Resources */,
			);
			runOnlyForDeploymentPostprocessing = 0;
		};
		D396EBAC2845D29200B34E4E /* Resources */ = {
			isa = PBXResourcesBuildPhase;
			buildActionMask = 2147483647;
			files = (
			);
			runOnlyForDeploymentPostprocessing = 0;
		};
		D396EBB62845D29200B34E4E /* Resources */ = {
			isa = PBXResourcesBuildPhase;
			buildActionMask = 2147483647;
			files = (
			);
			runOnlyForDeploymentPostprocessing = 0;
		};
/* End PBXResourcesBuildPhase section */

/* Begin PBXSourcesBuildPhase section */
		D396EB982845D29000B34E4E /* Sources */ = {
			isa = PBXSourcesBuildPhase;
			buildActionMask = 2147483647;
			files = (
				D396EBA22845D29000B34E4E /* ContentView.swift in Sources */,
				D396EBA02845D29000B34E4E /* AppDelegate.swift in Sources */,
				D396EBA42845D29000B34E4E /* Experience.rcproject in Sources */,
			);
			runOnlyForDeploymentPostprocessing = 0;
		};
		D396EBAA2845D29200B34E4E /* Sources */ = {
			isa = PBXSourcesBuildPhase;
			buildActionMask = 2147483647;
			files = (
				D396EBB32845D29200B34E4E /* ARknightsTests.swift in Sources */,
			);
			runOnlyForDeploymentPostprocessing = 0;
		};
		D396EBB42845D29200B34E4E /* Sources */ = {
			isa = PBXSourcesBuildPhase;
			buildActionMask = 2147483647;
			files = (
				D396EBBF2845D29200B34E4E /* ARknightsUITestsLaunchTests.swift in Sources */,
				D396EBBD2845D29200B34E4E /* ARknightsUITests.swift in Sources */,
			);
			runOnlyForDeploymentPostprocessing = 0;
		};
/* End PBXSourcesBuildPhase section */

/* Begin PBXTargetDependency section */
		D396EBB02845D29200B34E4E /* PBXTargetDependency */ = {
			isa = PBXTargetDependency;
			target = D396EB9B2845D29000B34E4E /* ARknights */;
			targetProxy = D396EBAF2845D29200B34E4E /* PBXContainerItemProxy */;
		};
		D396EBBA2845D29200B34E4E /* PBXTargetDependency */ = {
			isa = PBXTargetDependency;
			target = D396EB9B2845D29000B34E4E /* ARknights */;
			targetProxy = D396EBB92845D29200B34E4E /* PBXContainerItemProxy */;
		};
/* End PBXTargetDependency section */

/* Begin XCBuildConfiguration section */
		D396EBC02845D29200B34E4E /* Debug */ = {
			isa = XCBuildConfiguration;
			buildSettings = {
				ALWAYS_SEARCH_USER_PATHS = NO;
				CLANG_ANALYZER_NONNULL = YES;
				CLANG_ANALYZER_NUMBER_OBJECT_CONVERSION = YES_AGGRESSIVE;
				CLANG_CXX_LANGUAGE_STANDARD = "gnu++17";
				CLANG_ENABLE_MODULES = YES;
				CLANG_ENABLE_OBJC_ARC = YES;
				CLANG_ENABLE_OBJC_WEAK = YES;
				CLANG_WARN_BLOCK_CAPTURE_AUTORELEASING = YES;
				CLANG_WARN_BOOL_CONVERSION = YES;
				CLANG_WARN_COMMA = YES;
				CLANG_WARN_CONSTANT_CONVERSION = YES;
				CLANG_WARN_DEPRECATED_OBJC_IMPLEMENTATIONS = YES;
				CLANG_WARN_DIRECT_OBJC_ISA_USAGE = YES_ERROR;
				CLANG_WARN_DOCUMENTATION_COMMENTS = YES;
				CLANG_WARN_EMPTY_BODY = YES;
				CLANG_WARN_ENUM_CONVERSION = YES;
				CLANG_WARN_INFINITE_RECURSION = YES;
				CLANG_WARN_INT_CONVERSION = YES;
				CLANG_WARN_NON_LITERAL_NULL_CONVERSION = YES;
				CLANG_WARN_OBJC_IMPLICIT_RETAIN_SELF = YES;
				CLANG_WARN_OBJC_LITERAL_CONVERSION = YES;
				CLANG_WARN_OBJC_ROOT_CLASS = YES_ERROR;
				CLANG_WARN_QUOTED_INCLUDE_IN_FRAMEWORK_HEADER = YES;
				CLANG_WARN_RANGE_LOOP_ANALYSIS = YES;
				CLANG_WARN_STRICT_PROTOTYPES = YES;
				CLANG_WARN_SUSPICIOUS_MOVE = YES;
				CLANG_WARN_UNGUARDED_AVAILABILITY = YES_AGGRESSIVE;
				CLANG_WARN_UNREACHABLE_CODE = YES;
				CLANG_WARN__DUPLICATE_METHOD_MATCH = YES;
				COPY_PHASE_STRIP = NO;
				DEBUG_INFORMATION_FORMAT = dwarf;
				ENABLE_STRICT_OBJC_MSGSEND = YES;
				ENABLE_TESTABILITY = YES;
				GCC_C_LANGUAGE_STANDARD = gnu11;
				GCC_DYNAMIC_NO_PIC = NO;
				GCC_NO_COMMON_BLOCKS = YES;
				GCC_OPTIMIZATION_LEVEL = 0;
				GCC_PREPROCESSOR_DEFINITIONS = (
					"DEBUG=1",
					"$(inherited)",
				);
				GCC_WARN_64_TO_32_BIT_CONVERSION = YES;
				GCC_WARN_ABOUT_RETURN_TYPE = YES_ERROR;
				GCC_WARN_UNDECLARED_SELECTOR = YES;
				GCC_WARN_UNINITIALIZED_AUTOS = YES_AGGRESSIVE;
				GCC_WARN_UNUSED_FUNCTION = YES;
				GCC_WARN_UNUSED_VARIABLE = YES;
				IPHONEOS_DEPLOYMENT_TARGET = 15.5;
				MTL_ENABLE_DEBUG_INFO = INCLUDE_SOURCE;
				MTL_FAST_MATH = YES;
				ONLY_ACTIVE_ARCH = YES;
				SDKROOT = iphoneos;
				SWIFT_ACTIVE_COMPILATION_CONDITIONS = DEBUG;
				SWIFT_OPTIMIZATION_LEVEL = "-Onone";
			};
			name = Debug;
		};
		D396EBC12845D29200B34E4E /* Release */ = {
			isa = XCBuildConfiguration;
			buildSettings = {
				ALWAYS_SEARCH_USER_PATHS = NO;
				CLANG_ANALYZER_NONNULL = YES;
				CLANG_ANALYZER_NUMBER_OBJECT_CONVERSION = YES_AGGRESSIVE;
				CLANG_CXX_LANGUAGE_STANDARD = "gnu++17";
				CLANG_ENABLE_MODULES = YES;
				CLANG_ENABLE_OBJC_ARC = YES;
				CLANG_ENABLE_OBJC_WEAK = YES;
				CLANG_WARN_BLOCK_CAPTURE_AUTORELEASING = YES;
				CLANG_WARN_BOOL_CONVERSION = YES;
				CLANG_WARN_COMMA = YES;
				CLANG_WARN_CONSTANT_CONVERSION = YES;
				CLANG_WARN_DEPRECATED_OBJC_IMPLEMENTATIONS = YES;
				CLANG_WARN_DIRECT_OBJC_ISA_USAGE = YES_ERROR;
				CLANG_WARN_DOCUMENTATION_COMMENTS = YES;
				CLANG_WARN_EMPTY_BODY = YES;
				CLANG_WARN_ENUM_CONVERSION = YES;
				CLANG_WARN_INFINITE_RECURSION = YES;
				CLANG_WARN_INT_CONVERSION = YES;
				CLANG_WARN_NON_LITERAL_NULL_CONVERSION = YES;
				CLANG_WARN_OBJC_IMPLICIT_RETAIN_SELF = YES;
				CLANG_WARN_OBJC_LITERAL_CONVERSION = YES;
				CLANG_WARN_OBJC_ROOT_CLASS = YES_ERROR;
				CLANG_WARN_QUOTED_INCLUDE_IN_FRAMEWORK_HEADER = YES;
				CLANG_WARN_RANGE_LOOP_ANALYSIS = YES;
				CLANG_WARN_STRICT_PROTOTYPES = YES;
				CLANG_WARN_SUSPICIOUS_MOVE = YES;
				CLANG_WARN_UNGUARDED_AVAILABILITY = YES_AGGRESSIVE;
				CLANG_WARN_UNREACHABLE_CODE = YES;
				CLANG_WARN__DUPLICATE_METHOD_MATCH = YES;
				COPY_PHASE_STRIP = NO;
				DEBUG_INFORMATION_FORMAT = "dwarf-with-dsym";
				ENABLE_NS_ASSERTIONS = NO;
				ENABLE_STRICT_OBJC_MSGSEND = YES;
				GCC_C_LANGUAGE_STANDARD = gnu11;
				GCC_NO_COMMON_BLOCKS = YES;
				GCC_WARN_64_TO_32_BIT_CONVERSION = YES;
				GCC_WARN_ABOUT_RETURN_TYPE = YES_ERROR;
				GCC_WARN_UNDECLARED_SELECTOR = YES;
				GCC_WARN_UNINITIALIZED_AUTOS = YES_AGGRESSIVE;
				GCC_WARN_UNUSED_FUNCTION = YES;
				GCC_WARN_UNUSED_VARIABLE = YES;
				IPHONEOS_DEPLOYMENT_TARGET = 15.5;
				MTL_ENABLE_DEBUG_INFO = NO;
				MTL_FAST_MATH = YES;
				SDKROOT = iphoneos;
				SWIFT_COMPILATION_MODE = wholemodule;
				SWIFT_OPTIMIZATION_LEVEL = "-O";
				VALIDATE_PRODUCT = YES;
			};
			name = Release;
		};
		D396EBC32845D29200B34E4E /* Debug */ = {
			isa = XCBuildConfiguration;
			buildSettings = {
				ASSETCATALOG_COMPILER_APPICON_NAME = AppIcon;
				ASSETCATALOG_COMPILER_GLOBAL_ACCENT_COLOR_NAME = AccentColor;
				CODE_SIGN_STYLE = Automatic;
				CURRENT_PROJECT_VERSION = 1;
				DEVELOPMENT_ASSET_PATHS = "\"ARknights/Preview Content\"";
				DEVELOPMENT_TEAM = 6KMV3LWXTZ;
				ENABLE_PREVIEWS = YES;
				GENERATE_INFOPLIST_FILE = YES;
				INFOPLIST_KEY_NSCameraUsageDescription = "";
				INFOPLIST_KEY_UIApplicationSupportsIndirectInputEvents = YES;
				INFOPLIST_KEY_UILaunchScreen_Generation = YES;
				INFOPLIST_KEY_UIRequiredDeviceCapabilities = arkit;
				INFOPLIST_KEY_UIStatusBarHidden = YES;
				INFOPLIST_KEY_UISupportedInterfaceOrientations_iPad = "UIInterfaceOrientationPortrait UIInterfaceOrientationPortraitUpsideDown UIInterfaceOrientationLandscapeLeft UIInterfaceOrientationLandscapeRight";
				INFOPLIST_KEY_UISupportedInterfaceOrientations_iPhone = "UIInterfaceOrientationPortrait UIInterfaceOrientationLandscapeLeft UIInterfaceOrientationLandscapeRight";
				LD_RUNPATH_SEARCH_PATHS = (
					"$(inherited)",
					"@executable_path/Frameworks",
				);
				MARKETING_VERSION = 1.0;
				PRODUCT_BUNDLE_IDENTIFIER = com.haojun.ARknights;
				PRODUCT_NAME = "$(TARGET_NAME)";
				SWIFT_EMIT_LOC_STRINGS = YES;
				SWIFT_VERSION = 5.0;
				TARGETED_DEVICE_FAMILY = "1,2";
			};
			name = Debug;
		};
		D396EBC42845D29200B34E4E /* Release */ = {
			isa = XCBuildConfiguration;
			buildSettings = {
				ASSETCATALOG_COMPILER_APPICON_NAME = AppIcon;
				ASSETCATALOG_COMPILER_GLOBAL_ACCENT_COLOR_NAME = AccentColor;
				CODE_SIGN_STYLE = Automatic;
				CURRENT_PROJECT_VERSION = 1;
				DEVELOPMENT_ASSET_PATHS = "\"ARknights/Preview Content\"";
				DEVELOPMENT_TEAM = 6KMV3LWXTZ;
				ENABLE_PREVIEWS = YES;
				GENERATE_INFOPLIST_FILE = YES;
				INFOPLIST_KEY_NSCameraUsageDescription = "";
				INFOPLIST_KEY_UIApplicationSupportsIndirectInputEvents = YES;
				INFOPLIST_KEY_UILaunchScreen_Generation = YES;
				INFOPLIST_KEY_UIRequiredDeviceCapabilities = arkit;
				INFOPLIST_KEY_UIStatusBarHidden = YES;
				INFOPLIST_KEY_UISupportedInterfaceOrientations_iPad = "UIInterfaceOrientationPortrait UIInterfaceOrientationPortraitUpsideDown UIInterfaceOrientationLandscapeLeft UIInterfaceOrientationLandscapeRight";
				INFOPLIST_KEY_UISupportedInterfaceOrientations_iPhone = "UIInterfaceOrientationPortrait UIInterfaceOrientationLandscapeLeft UIInterfaceOrientationLandscapeRight";
				LD_RUNPATH_SEARCH_PATHS = (
					"$(inherited)",
					"@executable_path/Frameworks",
				);
				MARKETING_VERSION = 1.0;
				PRODUCT_BUNDLE_IDENTIFIER = com.haojun.ARknights;
				PRODUCT_NAME = "$(TARGET_NAME)";
				SWIFT_EMIT_LOC_STRINGS = YES;
				SWIFT_VERSION = 5.0;
				TARGETED_DEVICE_FAMILY = "1,2";
			};
			name = Release;
		};
		D396EBC62845D29200B34E4E /* Debug */ = {
			isa = XCBuildConfiguration;
			buildSettings = {
				ALWAYS_EMBED_SWIFT_STANDARD_LIBRARIES = YES;
				BUNDLE_LOADER = "$(TEST_HOST)";
				CODE_SIGN_STYLE = Automatic;
				CURRENT_PROJECT_VERSION = 1;
				DEVELOPMENT_TEAM = 6KMV3LWXTZ;
				GENERATE_INFOPLIST_FILE = YES;
				IPHONEOS_DEPLOYMENT_TARGET = 15.5;
				MARKETING_VERSION = 1.0;
				PRODUCT_BUNDLE_IDENTIFIER = com.haojun.ARknightsTests;
				PRODUCT_NAME = "$(TARGET_NAME)";
				SWIFT_EMIT_LOC_STRINGS = NO;
				SWIFT_VERSION = 5.0;
				TARGETED_DEVICE_FAMILY = "1,2";
				TEST_HOST = "$(BUILT_PRODUCTS_DIR)/ARknights.app/ARknights";
			};
			name = Debug;
		};
		D396EBC72845D29200B34E4E /* Release */ = {
			isa = XCBuildConfiguration;
			buildSettings = {
				ALWAYS_EMBED_SWIFT_STANDARD_LIBRARIES = YES;
				BUNDLE_LOADER = "$(TEST_HOST)";
				CODE_SIGN_STYLE = Automatic;
				CURRENT_PROJECT_VERSION = 1;
				DEVELOPMENT_TEAM = 6KMV3LWXTZ;
				GENERATE_INFOPLIST_FILE = YES;
				IPHONEOS_DEPLOYMENT_TARGET = 15.5;
				MARKETING_VERSION = 1.0;
				PRODUCT_BUNDLE_IDENTIFIER = com.haojun.ARknightsTests;
				PRODUCT_NAME = "$(TARGET_NAME)";
				SWIFT_EMIT_LOC_STRINGS = NO;
				SWIFT_VERSION = 5.0;
				TARGETED_DEVICE_FAMILY = "1,2";
				TEST_HOST = "$(BUILT_PRODUCTS_DIR)/ARknights.app/ARknights";
			};
			name = Release;
		};
		D396EBC92845D29200B34E4E /* Debug */ = {
			isa = XCBuildConfiguration;
			buildSettings = {
				ALWAYS_EMBED_SWIFT_STANDARD_LIBRARIES = YES;
				CODE_SIGN_STYLE = Automatic;
				CURRENT_PROJECT_VERSION = 1;
				DEVELOPMENT_TEAM = 6KMV3LWXTZ;
				GENERATE_INFOPLIST_FILE = YES;
				MARKETING_VERSION = 1.0;
				PRODUCT_BUNDLE_IDENTIFIER = com.haojun.ARknightsUITests;
				PRODUCT_NAME = "$(TARGET_NAME)";
				SWIFT_EMIT_LOC_STRINGS = NO;
				SWIFT_VERSION = 5.0;
				TARGETED_DEVICE_FAMILY = "1,2";
				TEST_TARGET_NAME = ARknights;
			};
			name = Debug;
		};
		D396EBCA2845D29200B34E4E /* Release */ = {
			isa = XCBuildConfiguration;
			buildSettings = {
				ALWAYS_EMBED_SWIFT_STANDARD_LIBRARIES = YES;
				CODE_SIGN_STYLE = Automatic;
				CURRENT_PROJECT_VERSION = 1;
				DEVELOPMENT_TEAM = 6KMV3LWXTZ;
				GENERATE_INFOPLIST_FILE = YES;
				MARKETING_VERSION = 1.0;
				PRODUCT_BUNDLE_IDENTIFIER = com.haojun.ARknightsUITests;
				PRODUCT_NAME = "$(TARGET_NAME)";
				SWIFT_EMIT_LOC_STRINGS = NO;
				SWIFT_VERSION = 5.0;
				TARGETED_DEVICE_FAMILY = "1,2";
				TEST_TARGET_NAME = ARknights;
			};
			name = Release;
		};
/* End XCBuildConfiguration section */

/* Begin XCConfigurationList section */
		D396EB972845D29000B34E4E /* Build configuration list for PBXProject "ARknights" */ = {
			isa = XCConfigurationList;
			buildConfigurations = (
				D396EBC02845D29200B34E4E /* Debug */,
				D396EBC12845D29200B34E4E /* Release */,
			);
			defaultConfigurationIsVisible = 0;
			defaultConfigurationName = Release;
		};
		D396EBC22845D29200B34E4E /* Build configuration list for PBXNativeTarget "ARknights" */ = {
			isa = XCConfigurationList;
			buildConfigurations = (
				D396EBC32845D29200B34E4E /* Debug */,
				D396EBC42845D29200B34E4E /* Release */,
			);
			defaultConfigurationIsVisible = 0;
			defaultConfigurationName = Release;
		};
		D396EBC52845D29200B34E4E /* Build configuration list for PBXNativeTarget "ARknightsTests" */ = {
			isa = XCConfigurationList;
			buildConfigurations = (
				D396EBC62845D29200B34E4E /* Debug */,
				D396EBC72845D29200B34E4E /* Release */,
			);
			defaultConfigurationIsVisible = 0;
			defaultConfigurationName = Release;
		};
		D396EBC82845D29200B34E4E /* Build configuration list for PBXNativeTarget "ARknightsUITests" */ = {
			isa = XCConfigurationList;
			buildConfigurations = (
				D396EBC92845D29200B34E4E /* Debug */,
				D396EBCA2845D29200B34E4E /* Release */,
			);
			defaultConfigurationIsVisible = 0;
			defaultConfigurationName = Release;
		};
/* End XCConfigurationList section */
	};
	rootObject = D396EB942845D29000B34E4E /* Project object */;
}
